
Microsoft Visual Studio Solution File, Format Version 12.00
# Visual Studio Express 2013 for Windows Desktop
VisualStudioVersion = 12.0.31101.0
MinimumVisualStudioVersion = 10.0.40219.1
Project("{8BC9CEB8-8B4A-11D0-8D11-00A0C91BC942}") = "Lab-2_Regex", "Lab-2_Regex\Lab-2_Regex.vcxproj", "{005205C4-CFE9-4D96-B7BF-18B2C17DDFE8}"
EndProject
Global
	GlobalSection(SolutionConfigurationPlatforms) = preSolution
		Debug|Win32 = Debug|Win32
		Release|Win32 = Release|Win32
	EndGlobalSection
	GlobalSection(ProjectConfigurationPlatforms) = postSolution
		{005205C4-CFE9-4D96-B7BF-18B2C17DDFE8}.Debug|Win32.ActiveCfg = Debug|Win32
		{005205C4-CFE9-4D96-B7BF-18B2C17DDFE8}.Debug|Win32.Build.0 = Debug|Win32
		{005205C4-CFE9-4D96-B7BF-18B2C17DDFE8}.Release|Win32.ActiveCfg = Release|Win32
		{005205C4-CFE9-4D96-B7BF-18B2C17DDFE8}.Release|Win32.Build.0 = Release|Win32
	EndGlobalSection
	GlobalSection(SolutionProperties) = preSolution
		HideSolutionNode = FALSE
	EndGlobalSection
EndGlobal
